
Microsoft Visual Studio Solution File, Format Version 12.00
# Visual Studio Version 16
VisualStudioVersion = 16.0.29519.87
MinimumVisualStudioVersion = 10.0.40219.1
Project("{9A19103F-16F7-4668-BE54-9A1E7A4F7556}") = "Coelsa.Business", "Coelsa.Business\Coelsa.Business.csproj", "{E1983904-0902-4121-A09B-4AF64D975C2B}"
EndProject
Project("{9A19103F-16F7-4668-BE54-9A1E7A4F7556}") = "Coelsa.Data", "Coelsa.Data\Coelsa.Data.csproj", "{2BA37731-48DD-46FA-AA14-589BEF16B6DB}"
EndProject
Project("{9A19103F-16F7-4668-BE54-9A1E7A4F7556}") = "Coelsa.API", "Coelsa.API\Coelsa.API.csproj", "{DA8D0DBD-0EBB-4B04-8D70-FAA902062145}"
EndProject
Project("{FAE04EC0-301F-11D3-BF4B-00C04F79EFBC}") = "Coelsa.XUnitTest", "XUnitTestProject1\Coelsa.XUnitTest.csproj", "{095A7C0D-2620-438F-9233-94B116312B3F}"
EndProject
Global
	GlobalSection(SolutionConfigurationPlatforms) = preSolution
		Debug|Any CPU = Debug|Any CPU
		Release|Any CPU = Release|Any CPU
	EndGlobalSection
	GlobalSection(ProjectConfigurationPlatforms) = postSolution
		{E1983904-0902-4121-A09B-4AF64D975C2B}.Debug|Any CPU.ActiveCfg = Debug|Any CPU
		{E1983904-0902-4121-A09B-4AF64D975C2B}.Debug|Any CPU.Build.0 = Debug|Any CPU
		{E1983904-0902-4121-A09B-4AF64D975C2B}.Release|Any CPU.ActiveCfg = Release|Any CPU
		{E1983904-0902-4121-A09B-4AF64D975C2B}.Release|Any CPU.Build.0 = Release|Any CPU
		{2BA37731-48DD-46FA-AA14-589BEF16B6DB}.Debug|Any CPU.ActiveCfg = Debug|Any CPU
		{2BA37731-48DD-46FA-AA14-589BEF16B6DB}.Debug|Any CPU.Build.0 = Debug|Any CPU
		{2BA37731-48DD-46FA-AA14-589BEF16B6DB}.Release|Any CPU.ActiveCfg = Release|Any CPU
		{2BA37731-48DD-46FA-AA14-589BEF16B6DB}.Release|Any CPU.Build.0 = Release|Any CPU
		{DA8D0DBD-0EBB-4B04-8D70-FAA902062145}.Debug|Any CPU.ActiveCfg = Debug|Any CPU
		{DA8D0DBD-0EBB-4B04-8D70-FAA902062145}.Debug|Any CPU.Build.0 = Debug|Any CPU
		{DA8D0DBD-0EBB-4B04-8D70-FAA902062145}.Release|Any CPU.ActiveCfg = Release|Any CPU
		{DA8D0DBD-0EBB-4B04-8D70-FAA902062145}.Release|Any CPU.Build.0 = Release|Any CPU
		{095A7C0D-2620-438F-9233-94B116312B3F}.Debug|Any CPU.ActiveCfg = Debug|Any CPU
		{095A7C0D-2620-438F-9233-94B116312B3F}.Debug|Any CPU.Build.0 = Debug|Any CPU
		{095A7C0D-2620-438F-9233-94B116312B3F}.Release|Any CPU.ActiveCfg = Release|Any CPU
		{095A7C0D-2620-438F-9233-94B116312B3F}.Release|Any CPU.Build.0 = Release|Any CPU
	EndGlobalSection
	GlobalSection(SolutionProperties) = preSolution
		HideSolutionNode = FALSE
	EndGlobalSection
	GlobalSection(ExtensibilityGlobals) = postSolution
		SolutionGuid = {BB408B16-6727-4D26-867F-CAEB70959B88}
	EndGlobalSection
EndGlobal
